// !$*UTF8*$!
{
	archiveVersion = 1;
	classes = {
	};
	objectVersion = 48;
	objects = {

/* Begin PBXBuildFile section */
		09C92DD41F6BA9DB0049F8FF /* AppDelegate.swift in Sources */ = {isa = PBXBuildFile; fileRef = 09C92DD31F6BA9DB0049F8FF /* AppDelegate.swift */; };
		09C92DD61F6BA9DB0049F8FF /* ViewController.swift in Sources */ = {isa = PBXBuildFile; fileRef = 09C92DD51F6BA9DB0049F8FF /* ViewController.swift */; };
		09C92DD91F6BA9DB0049F8FF /* Main.storyboard in Resources */ = {isa = PBXBuildFile; fileRef = 09C92DD71F6BA9DB0049F8FF /* Main.storyboard */; };
		09C92DDC1F6BA9DB0049F8FF /* ToDoList.xcdatamodeld in Sources */ = {isa = PBXBuildFile; fileRef = 09C92DDA1F6BA9DB0049F8FF /* ToDoList.xcdatamodeld */; };
		09C92DDE1F6BA9DB0049F8FF /* Assets.xcassets in Resources */ = {isa = PBXBuildFile; fileRef = 09C92DDD1F6BA9DB0049F8FF /* Assets.xcassets */; };
		09C92DE11F6BA9DB0049F8FF /* LaunchScreen.storyboard in Resources */ = {isa = PBXBuildFile; fileRef = 09C92DDF1F6BA9DB0049F8FF /* LaunchScreen.storyboard */; };
		09C92DEC1F6BA9DC0049F8FF /* ToDoListTests.swift in Sources */ = {isa = PBXBuildFile; fileRef = 09C92DEB1F6BA9DC0049F8FF /* ToDoListTests.swift */; };
		09C92DF71F6BA9DC0049F8FF /* ToDoListUITests.swift in Sources */ = {isa = PBXBuildFile; fileRef = 09C92DF61F6BA9DC0049F8FF /* ToDoListUITests.swift */; };
/* End PBXBuildFile section */

/* Begin PBXContainerItemProxy section */
		09C92DE81F6BA9DC0049F8FF /* PBXContainerItemProxy */ = {
			isa = PBXContainerItemProxy;
			containerPortal = 09C92DC81F6BA9DB0049F8FF /* Project object */;
			proxyType = 1;
			remoteGlobalIDString = 09C92DCF1F6BA9DB0049F8FF;
			remoteInfo = ToDoList;
		};
		09C92DF31F6BA9DC0049F8FF /* PBXContainerItemProxy */ = {
			isa = PBXContainerItemProxy;
			containerPortal = 09C92DC81F6BA9DB0049F8FF /* Project object */;
			proxyType = 1;
			remoteGlobalIDString = 09C92DCF1F6BA9DB0049F8FF;
			remoteInfo = ToDoList;
		};
/* End PBXContainerItemProxy section */

/* Begin PBXFileReference section */
		09C92DD01F6BA9DB0049F8FF /* ToDoList.app */ = {isa = PBXFileReference; explicitFileType = wrapper.application; includeInIndex = 0; path = ToDoList.app; sourceTree = BUILT_PRODUCTS_DIR; };
		09C92DD31F6BA9DB0049F8FF /* AppDelegate.swift */ = {isa = PBXFileReference; lastKnownFileType = sourcecode.swift; path = AppDelegate.swift; sourceTree = "<group>"; };
		09C92DD51F6BA9DB0049F8FF /* ViewController.swift */ = {isa = PBXFileReference; lastKnownFileType = sourcecode.swift; path = ViewController.swift; sourceTree = "<group>"; };
		09C92DD81F6BA9DB0049F8FF /* Base */ = {isa = PBXFileReference; lastKnownFileType = file.storyboard; name = Base; path = Base.lproj/Main.storyboard; sourceTree = "<group>"; };
		09C92DDB1F6BA9DB0049F8FF /* ToDoList.xcdatamodel */ = {isa = PBXFileReference; lastKnownFileType = wrapper.xcdatamodel; path = ToDoList.xcdatamodel; sourceTree = "<group>"; };
		09C92DDD1F6BA9DB0049F8FF /* Assets.xcassets */ = {isa = PBXFileReference; lastKnownFileType = folder.assetcatalog; path = Assets.xcassets; sourceTree = "<group>"; };
		09C92DE01F6BA9DB0049F8FF /* Base */ = {isa = PBXFileReference; lastKnownFileType = file.storyboard; name = Base; path = Base.lproj/LaunchScreen.storyboard; sourceTree = "<group>"; };
		09C92DE21F6BA9DB0049F8FF /* Info.plist */ = {isa = PBXFileReference; lastKnownFileType = text.plist.xml; path = Info.plist; sourceTree = "<group>"; };
		09C92DE71F6BA9DC0049F8FF /* ToDoListTests.xctest */ = {isa = PBXFileReference; explicitFileType = wrapper.cfbundle; includeInIndex = 0; path = ToDoListTests.xctest; sourceTree = BUILT_PRODUCTS_DIR; };
		09C92DEB1F6BA9DC0049F8FF /* ToDoListTests.swift */ = {isa = PBXFileReference; lastKnownFileType = sourcecode.swift; path = ToDoListTests.swift; sourceTree = "<group>"; };
		09C92DED1F6BA9DC0049F8FF /* Info.plist */ = {isa = PBXFileReference; lastKnownFileType = text.plist.xml; path = Info.plist; sourceTree = "<group>"; };
		09C92DF21F6BA9DC0049F8FF /* ToDoListUITests.xctest */ = {isa = PBXFileReference; explicitFileType = wrapper.cfbundle; includeInIndex = 0; path = ToDoListUITests.xctest; sourceTree = BUILT_PRODUCTS_DIR; };
		09C92DF61F6BA9DC0049F8FF /* ToDoListUITests.swift */ = {isa = PBXFileReference; lastKnownFileType = sourcecode.swift; path = ToDoListUITests.swift; sourceTree = "<group>"; };
		09C92DF81F6BA9DC0049F8FF /* Info.plist */ = {isa = PBXFileReference; lastKnownFileType = text.plist.xml; path = Info.plist; sourceTree = "<group>"; };
/* End PBXFileReference section */

/* Begin PBXFrameworksBuildPhase section */
		09C92DCD1F6BA9DB0049F8FF /* Frameworks */ = {
			isa = PBXFrameworksBuildPhase;
			buildActionMask = 2147483647;
			files = (
			);
			runOnlyForDeploymentPostprocessing = 0;
		};
		09C92DE41F6BA9DC0049F8FF /* Frameworks */ = {
			isa = PBXFrameworksBuildPhase;
			buildActionMask = 2147483647;
			files = (
			);
			runOnlyForDeploymentPostprocessing = 0;
		};
		09C92DEF1F6BA9DC0049F8FF /* Frameworks */ = {
			isa = PBXFrameworksBuildPhase;
			buildActionMask = 2147483647;
			files = (
			);
			runOnlyForDeploymentPostprocessing = 0;
		};
/* End PBXFrameworksBuildPhase section */

/* Begin PBXGroup section */
		09C92DC71F6BA9DB0049F8FF = {
			isa = PBXGroup;
			children = (
				09C92DD21F6BA9DB0049F8FF /* ToDoList */,
				09C92DEA1F6BA9DC0049F8FF /* ToDoListTests */,
				09C92DF51F6BA9DC0049F8FF /* ToDoListUITests */,
				09C92DD11F6BA9DB0049F8FF /* Products */,
			);
			sourceTree = "<group>";
		};
		09C92DD11F6BA9DB0049F8FF /* Products */ = {
			isa = PBXGroup;
			children = (
				09C92DD01F6BA9DB0049F8FF /* ToDoList.app */,
				09C92DE71F6BA9DC0049F8FF /* ToDoListTests.xctest */,
				09C92DF21F6BA9DC0049F8FF /* ToDoListUITests.xctest */,
			);
			name = Products;
			sourceTree = "<group>";
		};
		09C92DD21F6BA9DB0049F8FF /* ToDoList */ = {
			isa = PBXGroup;
			children = (
				09C92DD31F6BA9DB0049F8FF /* AppDelegate.swift */,
				09C92DD51F6BA9DB0049F8FF /* ViewController.swift */,
				09C92DD71F6BA9DB0049F8FF /* Main.storyboard */,
				09C92DDD1F6BA9DB0049F8FF /* Assets.xcassets */,
				09C92DDF1F6BA9DB0049F8FF /* LaunchScreen.storyboard */,
				09C92DE21F6BA9DB0049F8FF /* Info.plist */,
				09C92DDA1F6BA9DB0049F8FF /* ToDoList.xcdatamodeld */,
			);
			path = ToDoList;
			sourceTree = "<group>";
		};
		09C92DEA1F6BA9DC0049F8FF /* ToDoListTests */ = {
			isa = PBXGroup;
			children = (
				09C92DEB1F6BA9DC0049F8FF /* ToDoListTests.swift */,
				09C92DED1F6BA9DC0049F8FF /* Info.plist */,
			);
			path = ToDoListTests;
			sourceTree = "<group>";
		};
		09C92DF51F6BA9DC0049F8FF /* ToDoListUITests */ = {
			isa = PBXGroup;
			children = (
				09C92DF61F6BA9DC0049F8FF /* ToDoListUITests.swift */,
				09C92DF81F6BA9DC0049F8FF /* Info.plist */,
			);
			path = ToDoListUITests;
			sourceTree = "<group>";
		};
/* End PBXGroup section */

/* Begin PBXNativeTarget section */
		09C92DCF1F6BA9DB0049F8FF /* ToDoList */ = {
			isa = PBXNativeTarget;
			buildConfigurationList = 09C92DFB1F6BA9DC0049F8FF /* Build configuration list for PBXNativeTarget "ToDoList" */;
			buildPhases = (
				09C92DCC1F6BA9DB0049F8FF /* Sources */,
				09C92DCD1F6BA9DB0049F8FF /* Frameworks */,
				09C92DCE1F6BA9DB0049F8FF /* Resources */,
			);
			buildRules = (
			);
			dependencies = (
			);
			name = ToDoList;
			productName = ToDoList;
			productReference = 09C92DD01F6BA9DB0049F8FF /* ToDoList.app */;
			productType = "com.apple.product-type.application";
		};
		09C92DE61F6BA9DC0049F8FF /* ToDoListTests */ = {
			isa = PBXNativeTarget;
			buildConfigurationList = 09C92DFE1F6BA9DC0049F8FF /* Build configuration list for PBXNativeTarget "ToDoListTests" */;
			buildPhases = (
				09C92DE31F6BA9DC0049F8FF /* Sources */,
				09C92DE41F6BA9DC0049F8FF /* Frameworks */,
				09C92DE51F6BA9DC0049F8FF /* Resources */,
			);
			buildRules = (
			);
			dependencies = (
				09C92DE91F6BA9DC0049F8FF /* PBXTargetDependency */,
			);
			name = ToDoListTests;
			productName = ToDoListTests;
			productReference = 09C92DE71F6BA9DC0049F8FF /* ToDoListTests.xctest */;
			productType = "com.apple.product-type.bundle.unit-test";
		};
		09C92DF11F6BA9DC0049F8FF /* ToDoListUITests */ = {
			isa = PBXNativeTarget;
			buildConfigurationList = 09C92E011F6BA9DC0049F8FF /* Build configuration list for PBXNativeTarget "ToDoListUITests" */;
			buildPhases = (
				09C92DEE1F6BA9DC0049F8FF /* Sources */,
				09C92DEF1F6BA9DC0049F8FF /* Frameworks */,
				09C92DF01F6BA9DC0049F8FF /* Resources */,
			);
			buildRules = (
			);
			dependencies = (
				09C92DF41F6BA9DC0049F8FF /* PBXTargetDependency */,
			);
			name = ToDoListUITests;
			productName = ToDoListUITests;
			productReference = 09C92DF21F6BA9DC0049F8FF /* ToDoListUITests.xctest */;
			productType = "com.apple.product-type.bundle.ui-testing";
		};
/* End PBXNativeTarget section */

/* Begin PBXProject section */
		09C92DC81F6BA9DB0049F8FF /* Project object */ = {
			isa = PBXProject;
			attributes = {
				LastSwiftUpdateCheck = 0900;
				LastUpgradeCheck = 0900;
				ORGANIZATIONNAME = "Olivier Butler";
				TargetAttributes = {
					09C92DCF1F6BA9DB0049F8FF = {
						CreatedOnToolsVersion = 9.0;
						ProvisioningStyle = Automatic;
					};
					09C92DE61F6BA9DC0049F8FF = {
						CreatedOnToolsVersion = 9.0;
						ProvisioningStyle = Automatic;
						TestTargetID = 09C92DCF1F6BA9DB0049F8FF;
					};
					09C92DF11F6BA9DC0049F8FF = {
						CreatedOnToolsVersion = 9.0;
						ProvisioningStyle = Automatic;
						TestTargetID = 09C92DCF1F6BA9DB0049F8FF;
					};
				};
			};
			buildConfigurationList = 09C92DCB1F6BA9DB0049F8FF /* Build configuration list for PBXProject "ToDoList" */;
			compatibilityVersion = "Xcode 8.0";
			developmentRegion = en;
			hasScannedForEncodings = 0;
			knownRegions = (
				en,
				Base,
			);
			mainGroup = 09C92DC71F6BA9DB0049F8FF;
			productRefGroup = 09C92DD11F6BA9DB0049F8FF /* Products */;
			projectDirPath = "";
			projectRoot = "";
			targets = (
				09C92DCF1F6BA9DB0049F8FF /* ToDoList */,
				09C92DE61F6BA9DC0049F8FF /* ToDoListTests */,
				09C92DF11F6BA9DC0049F8FF /* ToDoListUITests */,
			);
		};
/* End PBXProject section */

/* Begin PBXResourcesBuildPhase section */
		09C92DCE1F6BA9DB0049F8FF /* Resources */ = {
			isa = PBXResourcesBuildPhase;
			buildActionMask = 2147483647;
			files = (
				09C92DE11F6BA9DB0049F8FF /* LaunchScreen.storyboard in Resources */,
				09C92DDE1F6BA9DB0049F8FF /* Assets.xcassets in Resources */,
				09C92DD91F6BA9DB0049F8FF /* Main.storyboard in Resources */,
			);
			runOnlyForDeploymentPostprocessing = 0;
		};
		09C92DE51F6BA9DC0049F8FF /* Resources */ = {
			isa = PBXResourcesBuildPhase;
			buildActionMask = 2147483647;
			files = (
			);
			runOnlyForDeploymentPostprocessing = 0;
		};
		09C92DF01F6BA9DC0049F8FF /* Resources */ = {
			isa = PBXResourcesBuildPhase;
			buildActionMask = 2147483647;
			files = (
			);
			runOnlyForDeploymentPostprocessing = 0;
		};
/* End PBXResourcesBuildPhase section */

/* Begin PBXSourcesBuildPhase section */
		09C92DCC1F6BA9DB0049F8FF /* Sources */ = {
			isa = PBXSourcesBuildPhase;
			buildActionMask = 2147483647;
			files = (
				09C92DD61F6BA9DB0049F8FF /* ViewController.swift in Sources */,
				09C92DDC1F6BA9DB0049F8FF /* ToDoList.xcdatamodeld in Sources */,
				09C92DD41F6BA9DB0049F8FF /* AppDelegate.swift in Sources */,
			);
			runOnlyForDeploymentPostprocessing = 0;
		};
		09C92DE31F6BA9DC0049F8FF /* Sources */ = {
			isa = PBXSourcesBuildPhase;
			buildActionMask = 2147483647;
			files = (
				09C92DEC1F6BA9DC0049F8FF /* ToDoListTests.swift in Sources */,
			);
			runOnlyForDeploymentPostprocessing = 0;
		};
		09C92DEE1F6BA9DC0049F8FF /* Sources */ = {
			isa = PBXSourcesBuildPhase;
			buildActionMask = 2147483647;
			files = (
				09C92DF71F6BA9DC0049F8FF /* ToDoListUITests.swift in Sources */,
			);
			runOnlyForDeploymentPostprocessing = 0;
		};
/* End PBXSourcesBuildPhase section */

/* Begin PBXTargetDependency section */
		09C92DE91F6BA9DC0049F8FF /* PBXTargetDependency */ = {
			isa = PBXTargetDependency;
			target = 09C92DCF1F6BA9DB0049F8FF /* ToDoList */;
			targetProxy = 09C92DE81F6BA9DC0049F8FF /* PBXContainerItemProxy */;
		};
		09C92DF41F6BA9DC0049F8FF /* PBXTargetDependency */ = {
			isa = PBXTargetDependency;
			target = 09C92DCF1F6BA9DB0049F8FF /* ToDoList */;
			targetProxy = 09C92DF31F6BA9DC0049F8FF /* PBXContainerItemProxy */;
		};
/* End PBXTargetDependency section */

/* Begin PBXVariantGroup section */
		09C92DD71F6BA9DB0049F8FF /* Main.storyboard */ = {
			isa = PBXVariantGroup;
			children = (
				09C92DD81F6BA9DB0049F8FF /* Base */,
			);
			name = Main.storyboard;
			sourceTree = "<group>";
		};
		09C92DDF1F6BA9DB0049F8FF /* LaunchScreen.storyboard */ = {
			isa = PBXVariantGroup;
			children = (
				09C92DE01F6BA9DB0049F8FF /* Base */,
			);
			name = LaunchScreen.storyboard;
			sourceTree = "<group>";
		};
/* End PBXVariantGroup section */

/* Begin XCBuildConfiguration section */
		09C92DF91F6BA9DC0049F8FF /* Debug */ = {
			isa = XCBuildConfiguration;
			buildSettings = {
				ALWAYS_SEARCH_USER_PATHS = NO;
				CLANG_ANALYZER_NONNULL = YES;
				CLANG_ANALYZER_NUMBER_OBJECT_CONVERSION = YES_AGGRESSIVE;
				CLANG_CXX_LANGUAGE_STANDARD = "gnu++14";
				CLANG_CXX_LIBRARY = "libc++";
				CLANG_ENABLE_MODULES = YES;
				CLANG_ENABLE_OBJC_ARC = YES;
				CLANG_WARN_BLOCK_CAPTURE_AUTORELEASING = YES;
				CLANG_WARN_BOOL_CONVERSION = YES;
				CLANG_WARN_COMMA = YES;
				CLANG_WARN_CONSTANT_CONVERSION = YES;
				CLANG_WARN_DIRECT_OBJC_ISA_USAGE = YES_ERROR;
				CLANG_WARN_DOCUMENTATION_COMMENTS = YES;
				CLANG_WARN_EMPTY_BODY = YES;
				CLANG_WARN_ENUM_CONVERSION = YES;
				CLANG_WARN_INFINITE_RECURSION = YES;
				CLANG_WARN_INT_CONVERSION = YES;
				CLANG_WARN_NON_LITERAL_NULL_CONVERSION = YES;
				CLANG_WARN_OBJC_LITERAL_CONVERSION = YES;
				CLANG_WARN_OBJC_ROOT_CLASS = YES_ERROR;
				CLANG_WARN_RANGE_LOOP_ANALYSIS = YES;
				CLANG_WARN_STRICT_PROTOTYPES = YES;
				CLANG_WARN_SUSPICIOUS_MOVE = YES;
				CLANG_WARN_UNGUARDED_AVAILABILITY = YES_AGGRESSIVE;
				CLANG_WARN_UNREACHABLE_CODE = YES;
				CLANG_WARN__DUPLICATE_METHOD_MATCH = YES;
				CODE_SIGN_IDENTITY = "iPhone Developer";
				COPY_PHASE_STRIP = NO;
				DEBUG_INFORMATION_FORMAT = dwarf;
				ENABLE_STRICT_OBJC_MSGSEND = YES;
				ENABLE_TESTABILITY = YES;
				GCC_C_LANGUAGE_STANDARD = gnu11;
				GCC_DYNAMIC_NO_PIC = NO;
				GCC_NO_COMMON_BLOCKS = YES;
				GCC_OPTIMIZATION_LEVEL = 0;
				GCC_PREPROCESSOR_DEFINITIONS = (
					"DEBUG=1",
					"$(inherited)",
				);
				GCC_WARN_64_TO_32_BIT_CONVERSION = YES;
				GCC_WARN_ABOUT_RETURN_TYPE = YES_ERROR;
				GCC_WARN_UNDECLARED_SELECTOR = YES;
				GCC_WARN_UNINITIALIZED_AUTOS = YES_AGGRESSIVE;
				GCC_WARN_UNUSED_FUNCTION = YES;
				GCC_WARN_UNUSED_VARIABLE = YES;
				IPHONEOS_DEPLOYMENT_TARGET = 11.0;
				MTL_ENABLE_DEBUG_INFO = YES;
				ONLY_ACTIVE_ARCH = YES;
				SDKROOT = iphoneos;
				SWIFT_ACTIVE_COMPILATION_CONDITIONS = DEBUG;
				SWIFT_OPTIMIZATION_LEVEL = "-Onone";
			};
			name = Debug;
		};
		09C92DFA1F6BA9DC0049F8FF /* Release */ = {
			isa = XCBuildConfiguration;
			buildSettings = {
				ALWAYS_SEARCH_USER_PATHS = NO;
				CLANG_ANALYZER_NONNULL = YES;
				CLANG_ANALYZER_NUMBER_OBJECT_CONVERSION = YES_AGGRESSIVE;
				CLANG_CXX_LANGUAGE_STANDARD = "gnu++14";
				CLANG_CXX_LIBRARY = "libc++";
				CLANG_ENABLE_MODULES = YES;
				CLANG_ENABLE_OBJC_ARC = YES;
				CLANG_WARN_BLOCK_CAPTURE_AUTORELEASING = YES;
				CLANG_WARN_BOOL_CONVERSION = YES;
				CLANG_WARN_COMMA = YES;
				CLANG_WARN_CONSTANT_CONVERSION = YES;
				CLANG_WARN_DIRECT_OBJC_ISA_USAGE = YES_ERROR;
				CLANG_WARN_DOCUMENTATION_COMMENTS = YES;
				CLANG_WARN_EMPTY_BODY = YES;
				CLANG_WARN_ENUM_CONVERSION = YES;
				CLANG_WARN_INFINITE_RECURSION = YES;
				CLANG_WARN_INT_CONVERSION = YES;
				CLANG_WARN_NON_LITERAL_NULL_CONVERSION = YES;
				CLANG_WARN_OBJC_LITERAL_CONVERSION = YES;
				CLANG_WARN_OBJC_ROOT_CLASS = YES_ERROR;
				CLANG_WARN_RANGE_LOOP_ANALYSIS = YES;
				CLANG_WARN_STRICT_PROTOTYPES = YES;
				CLANG_WARN_SUSPICIOUS_MOVE = YES;
				CLANG_WARN_UNGUARDED_AVAILABILITY = YES_AGGRESSIVE;
				CLANG_WARN_UNREACHABLE_CODE = YES;
				CLANG_WARN__DUPLICATE_METHOD_MATCH = YES;
				CODE_SIGN_IDENTITY = "iPhone Developer";
				COPY_PHASE_STRIP = NO;
				DEBUG_INFORMATION_FORMAT = "dwarf-with-dsym";
				ENABLE_NS_ASSERTIONS = NO;
				ENABLE_STRICT_OBJC_MSGSEND = YES;
				GCC_C_LANGUAGE_STANDARD = gnu11;
				GCC_NO_COMMON_BLOCKS = YES;
				GCC_WARN_64_TO_32_BIT_CONVERSION = YES;
				GCC_WARN_ABOUT_RETURN_TYPE = YES_ERROR;
				GCC_WARN_UNDECLARED_SELECTOR = YES;
				GCC_WARN_UNINITIALIZED_AUTOS = YES_AGGRESSIVE;
				GCC_WARN_UNUSED_FUNCTION = YES;
				GCC_WARN_UNUSED_VARIABLE = YES;
				IPHONEOS_DEPLOYMENT_TARGET = 11.0;
				MTL_ENABLE_DEBUG_INFO = NO;
				SDKROOT = iphoneos;
				SWIFT_OPTIMIZATION_LEVEL = "-Owholemodule";
				VALIDATE_PRODUCT = YES;
			};
			name = Release;
		};
		09C92DFC1F6BA9DC0049F8FF /* Debug */ = {
			isa = XCBuildConfiguration;
			buildSettings = {
				ASSETCATALOG_COMPILER_APPICON_NAME = AppIcon;
				CODE_SIGN_STYLE = Automatic;
				DEVELOPMENT_TEAM = CNHB9B5GX6;
				INFOPLIST_FILE = ToDoList/Info.plist;
				LD_RUNPATH_SEARCH_PATHS = "$(inherited) @executable_path/Frameworks";
				PRODUCT_BUNDLE_IDENTIFIER = oliviertests.ToDoList;
				PRODUCT_NAME = "$(TARGET_NAME)";
				SWIFT_VERSION = 4.0;
				TARGETED_DEVICE_FAMILY = "1,2";
			};
			name = Debug;
		};
		09C92DFD1F6BA9DC0049F8FF /* Release */ = {
			isa = XCBuildConfiguration;
			buildSettings = {
				ASSETCATALOG_COMPILER_APPICON_NAME = AppIcon;
				CODE_SIGN_STYLE = Automatic;
				DEVELOPMENT_TEAM = CNHB9B5GX6;
				INFOPLIST_FILE = ToDoList/Info.plist;
				LD_RUNPATH_SEARCH_PATHS = "$(inherited) @executable_path/Frameworks";
				PRODUCT_BUNDLE_IDENTIFIER = oliviertests.ToDoList;
				PRODUCT_NAME = "$(TARGET_NAME)";
				SWIFT_VERSION = 4.0;
				TARGETED_DEVICE_FAMILY = "1,2";
			};
			name = Release;
		};
		09C92DFF1F6BA9DC0049F8FF /* Debug */ = {
			isa = XCBuildConfiguration;
			buildSettings = {
				ALWAYS_EMBED_SWIFT_STANDARD_LIBRARIES = YES;
				BUNDLE_LOADER = "$(TEST_HOST)";
				CODE_SIGN_STYLE = Automatic;
				DEVELOPMENT_TEAM = CNHB9B5GX6;
				INFOPLIST_FILE = ToDoListTests/Info.plist;
				LD_RUNPATH_SEARCH_PATHS = "$(inherited) @executable_path/Frameworks @loader_path/Frameworks";
				PRODUCT_BUNDLE_IDENTIFIER = oliviertests.ToDoListTests;
				PRODUCT_NAME = "$(TARGET_NAME)";
				SWIFT_VERSION = 4.0;
				TARGETED_DEVICE_FAMILY = "1,2";
				TEST_HOST = "$(BUILT_PRODUCTS_DIR)/ToDoList.app/ToDoList";
			};
			name = Debug;
		};
		09C92E001F6BA9DC0049F8FF /* Release */ = {
			isa = XCBuildConfiguration;
			buildSettings = {
				ALWAYS_EMBED_SWIFT_STANDARD_LIBRARIES = YES;
				BUNDLE_LOADER = "$(TEST_HOST)";
				CODE_SIGN_STYLE = Automatic;
				DEVELOPMENT_TEAM = CNHB9B5GX6;
				INFOPLIST_FILE = ToDoListTests/Info.plist;
				LD_RUNPATH_SEARCH_PATHS = "$(inherited) @executable_path/Frameworks @loader_path/Frameworks";
				PRODUCT_BUNDLE_IDENTIFIER = oliviertests.ToDoListTests;
				PRODUCT_NAME = "$(TARGET_NAME)";
				SWIFT_VERSION = 4.0;
				TARGETED_DEVICE_FAMILY = "1,2";
				TEST_HOST = "$(BUILT_PRODUCTS_DIR)/ToDoList.app/ToDoList";
			};
			name = Release;
		};
		09C92E021F6BA9DC0049F8FF /* Debug */ = {
			isa = XCBuildConfiguration;
			buildSettings = {
				ALWAYS_EMBED_SWIFT_STANDARD_LIBRARIES = YES;
				CODE_SIGN_STYLE = Automatic;
				DEVELOPMENT_TEAM = CNHB9B5GX6;
				INFOPLIST_FILE = ToDoListUITests/Info.plist;
				LD_RUNPATH_SEARCH_PATHS = "$(inherited) @executable_path/Frameworks @loader_path/Frameworks";
				PRODUCT_BUNDLE_IDENTIFIER = oliviertests.ToDoListUITests;
				PRODUCT_NAME = "$(TARGET_NAME)";
				SWIFT_VERSION = 4.0;
				TARGETED_DEVICE_FAMILY = "1,2";
				TEST_TARGET_NAME = ToDoList;
			};
			name = Debug;
		};
		09C92E031F6BA9DC0049F8FF /* Release */ = {
			isa = XCBuildConfiguration;
			buildSettings = {
				ALWAYS_EMBED_SWIFT_STANDARD_LIBRARIES = YES;
				CODE_SIGN_STYLE = Automatic;
				DEVELOPMENT_TEAM = CNHB9B5GX6;
				INFOPLIST_FILE = ToDoListUITests/Info.plist;
				LD_RUNPATH_SEARCH_PATHS = "$(inherited) @executable_path/Frameworks @loader_path/Frameworks";
				PRODUCT_BUNDLE_IDENTIFIER = oliviertests.ToDoListUITests;
				PRODUCT_NAME = "$(TARGET_NAME)";
				SWIFT_VERSION = 4.0;
				TARGETED_DEVICE_FAMILY = "1,2";
				TEST_TARGET_NAME = ToDoList;
			};
			name = Release;
		};
/* End XCBuildConfiguration section */

/* Begin XCConfigurationList section */
		09C92DCB1F6BA9DB0049F8FF /* Build configuration list for PBXProject "ToDoList" */ = {
			isa = XCConfigurationList;
			buildConfigurations = (
				09C92DF91F6BA9DC0049F8FF /* Debug */,
				09C92DFA1F6BA9DC0049F8FF /* Release */,
			);
			defaultConfigurationIsVisible = 0;
			defaultConfigurationName = Release;
		};
		09C92DFB1F6BA9DC0049F8FF /* Build configuration list for PBXNativeTarget "ToDoList" */ = {
			isa = XCConfigurationList;
			buildConfigurations = (
				09C92DFC1F6BA9DC0049F8FF /* Debug */,
				09C92DFD1F6BA9DC0049F8FF /* Release */,
			);
			defaultConfigurationIsVisible = 0;
			defaultConfigurationName = Release;
		};
		09C92DFE1F6BA9DC0049F8FF /* Build configuration list for PBXNativeTarget "ToDoListTests" */ = {
			isa = XCConfigurationList;
			buildConfigurations = (
				09C92DFF1F6BA9DC0049F8FF /* Debug */,
				09C92E001F6BA9DC0049F8FF /* Release */,
			);
			defaultConfigurationIsVisible = 0;
			defaultConfigurationName = Release;
		};
		09C92E011F6BA9DC0049F8FF /* Build configuration list for PBXNativeTarget "ToDoListUITests" */ = {
			isa = XCConfigurationList;
			buildConfigurations = (
				09C92E021F6BA9DC0049F8FF /* Debug */,
				09C92E031F6BA9DC0049F8FF /* Release */,
			);
			defaultConfigurationIsVisible = 0;
			defaultConfigurationName = Release;
		};
/* End XCConfigurationList section */

/* Begin XCVersionGroup section */
		09C92DDA1F6BA9DB0049F8FF /* ToDoList.xcdatamodeld */ = {
			isa = XCVersionGroup;
			children = (
				09C92DDB1F6BA9DB0049F8FF /* ToDoList.xcdatamodel */,
			);
			currentVersion = 09C92DDB1F6BA9DB0049F8FF /* ToDoList.xcdatamodel */;
			path = ToDoList.xcdatamodeld;
			sourceTree = "<group>";
			versionGroupType = wrapper.xcdatamodel;
		};
/* End XCVersionGroup section */
	};
	rootObject = 09C92DC81F6BA9DB0049F8FF /* Project object */;
}
